
Microsoft Visual Studio Solution File, Format Version 12.00
# Visual Studio Version 16
VisualStudioVersion = 16.0.29201.188
MinimumVisualStudioVersion = 10.0.40219.1
Project("{FAE04EC0-301F-11D3-BF4B-00C04F79EFBC}") = "troj_nvs", "troj_nvs.csproj", "{ACD3CC91-C007-4252-BDC6-B19C4973C64C}"
EndProject
Global
	GlobalSection(SolutionConfigurationPlatforms) = preSolution
		Debug|Any CPU = Debug|Any CPU
		Release|Any CPU = Release|Any CPU
	EndGlobalSection
	GlobalSection(ProjectConfigurationPlatforms) = postSolution
		{ACD3CC91-C007-4252-BDC6-B19C4973C64C}.Debug|Any CPU.ActiveCfg = Debug|Any CPU
		{ACD3CC91-C007-4252-BDC6-B19C4973C64C}.Debug|Any CPU.Build.0 = Debug|Any CPU
		{ACD3CC91-C007-4252-BDC6-B19C4973C64C}.Release|Any CPU.ActiveCfg = Release|Any CPU
		{ACD3CC91-C007-4252-BDC6-B19C4973C64C}.Release|Any CPU.Build.0 = Release|Any CPU
	EndGlobalSection
	GlobalSection(SolutionProperties) = preSolution
		HideSolutionNode = FALSE
	EndGlobalSection
	GlobalSection(ExtensibilityGlobals) = postSolution
		SolutionGuid = {21C08254-D275-4A7E-B67F-36BFFC8349AE}
	EndGlobalSection
EndGlobal
